{
  "version": 4,
  "terraform_version": "0.12.24",
  "serial": 22,
  "lineage": "88ea7aa5-53e2-1acf-df29-697bd82ee660",
  "outputs": {
    "cip_status": {
      "value": [
        {
          "load_balancer": [
            {
              "ingress": []
            }
          ]
        }
      ],
      "type": [
        "list",
        [
          "object",
          {
            "load_balancer": [
              "list",
              [
                "object",
                {
                  "ingress": [
                    "list",
                    [
                      "object",
                      {
                        "hostname": "string",
                        "ip": "string"
                      }
                    ]
                  ]
                }
              ]
            ]
          }
        ]
      ]
    },
    "lb_status": {
      "value": [
        {
          "load_balancer": [
            {
              "ingress": [
                {
                  "hostname": "",
                  "ip": "35.224.179.56"
                }
              ]
            }
          ]
        }
      ],
      "type": [
        "list",
        [
          "object",
          {
            "load_balancer": [
              "list",
              [
                "object",
                {
                  "ingress": [
                    "list",
                    [
                      "object",
                      {
                        "hostname": "string",
                        "ip": "string"
                      }
                    ]
                  ]
                }
              ]
            ]
          }
        ]
      ]
    }
  },
  "resources": [
    {
      "mode": "data",
      "type": "google_client_config",
      "name": "default",
      "provider": "provider.google",
      "instances": [
        {
          "schema_version": 0,
          "attributes": {
            "access_token": "ya29.a0AfH6SMA_WOqL08e5tIWnSa7mtTaLI8btWy8-vuICiOzXShHAhUmZi87MjyVHWeIp2lVn0ME4n0ADZcPv0sxUoRe7OI7dNMHBZILX2m9wYFdWjcVUaQHF3ickm79wtQV-i9MoIXwl8YWPvPLO3s_k3qQw7vLTOa8HF7Qgy15vXw-u-_X-itu3xMLHVzEl109tInW9Er7uVEmT6PlkgJfnLdUoP6x5WrEy0eiznPPvn1hGOy9mHksies2QQEMiSLXsu8RQ5rc",
            "id": "projects/devops-capstone-309221/regions/us-central1/zones/us-central1-a",
            "project": "devops-capstone-309221",
            "region": "us-central1",
            "zone": "us-central1-a"
          }
        }
      ]
    },
    {
      "mode": "managed",
      "type": "google_container_cluster",
      "name": "gke-cluster",
      "provider": "provider.google",
      "instances": [
        {
          "schema_version": 1,
          "attributes": {
            "addons_config": [
              {
                "cloudrun_config": [],
                "horizontal_pod_autoscaling": [],
                "http_load_balancing": [],
                "network_policy_config": [
                  {
                    "disabled": true
                  }
                ]
              }
            ],
            "authenticator_groups_config": [],
            "cluster_autoscaling": [
              {
                "auto_provisioning_defaults": [],
                "enabled": false,
                "resource_limits": []
              }
            ],
            "cluster_ipv4_cidr": "10.24.0.0/14",
            "database_encryption": [
              {
                "key_name": "",
                "state": "DECRYPTED"
              }
            ],
            "datapath_provider": "",
            "default_max_pods_per_node": null,
            "default_snat_status": [
              {
                "disabled": false
              }
            ],
            "description": "",
            "enable_binary_authorization": false,
            "enable_intranode_visibility": false,
            "enable_kubernetes_alpha": false,
            "enable_legacy_abac": false,
            "enable_shielded_nodes": false,
            "enable_tpu": false,
            "endpoint": "35.239.40.198",
            "id": "projects/devops-capstone-309221/locations/us-central1-a/clusters/capstone-events-feed-cluster",
            "initial_node_count": 3,
            "instance_group_urls": [
              "https://www.googleapis.com/compute/v1/projects/devops-capstone-309221/zones/us-central1-a/instanceGroups/gke-capstone-events-feed-default-pool-2fd97cc5-grp"
            ],
            "ip_allocation_policy": [],
            "label_fingerprint": "a9dc16a7",
            "location": "us-central1-a",
            "logging_service": "logging.googleapis.com/kubernetes",
            "maintenance_policy": [],
            "master_auth": [
              {
                "client_certificate": "",
                "client_certificate_config": [
                  {
                    "issue_client_certificate": false
                  }
                ],
                "client_key": "",
                "cluster_ca_certificate": "LS0tLS1CRUdJTiBDRVJUSUZJQ0FURS0tLS0tCk1JSURLakNDQWhLZ0F3SUJBZ0lRQXd5REVUM2tFOEc0bnU2NmJkemlMakFOQmdrcWhraUc5dzBCQVFzRkFEQXYKTVMwd0t3WURWUVFERXlSbVpqSTNPVGxrTkMwMk5EVTRMVFJsWVdRdFlXVm1aQzB3WTJJMk16VTBNbUV4WTJNdwpIaGNOTWpFd05EQTFNakF4TnpNM1doY05Nall3TkRBME1qRXhOek0zV2pBdk1TMHdLd1lEVlFRREV5Um1aakkzCk9UbGtOQzAyTkRVNExUUmxZV1F0WVdWbVpDMHdZMkkyTXpVME1tRXhZMk13Z2dFaU1BMEdDU3FHU0liM0RRRUIKQVFVQUE0SUJEd0F3Z2dFS0FvSUJBUUREZXEwZzZaZHcvaGFsQ2xsQTVuaWFySXprb2JtOUg2RHBkU0lycnVKTApsSEFmekw0Zk1rdm9iZVI1RjNNYUNoTnFlTHp3Z0hhYXhYM1UydkhDemN0UTlMR1pCR3RiOGoxbWMzd01xcGhpCnVLcEhIaFJreHYzZFRhVWYyZWpCMTdwZk1USWtyR09HMFNOUXZ2QlkyTUx3aC8wRDZvNDExbGtJNXRWSUZNQjAKN1lHT2dGa0lqQ2ZPbFZWLzQ4OU9DZjc4NW0wbFI5RzZhQWl1M3N5K0F4OW4vUUNEZEd0bDM1UnNZcnhsRWJUaQp6TkJuT3NIS2FmZjRsZTBRNnJKWHpIazZ4RTZrYXFMdlVaKzRxaFRSMmZ6ZjJHa3JRL1A2ejc4aWZvV2M3L1c0CnJjRG5qeVE0Z0JrL0NGQ3R0WE52elRPWEJ6cUt4T0p2ckJVaFF1L2lhN241QWdNQkFBR2pRakJBTUE0R0ExVWQKRHdFQi93UUVBd0lDQkRBUEJnTlZIUk1CQWY4RUJUQURBUUgvTUIwR0ExVWREZ1FXQkJUUEZHL0hvalF5N25pZQp2MUl6U0FOcFUzV1FpakFOQmdrcWhraUc5dzBCQVFzRkFBT0NBUUVBWEdYand2YWNzYzFzNjNDZkM3b0c2L013ClA3b1UvMHlvZHRKTGRFWFdNU1N6SUMxMEpuQlU2VlFra3BGTU93bXRIWGw1V2dFU0hhZUROM0twTFZ3Q0NZeWsKNWZOSEErSGpZNTVGQ3VpUVNYS2VaeUp2L3h3N1FaQUZISEVZREhib3RwamY3SEpPdlg4YmE3U1VHMlR3TW9mZQp6V2VDZkRmcXRiUEMyZU5kNDZXaU5XcU9lRDd1MURqMnlGbUVBREc5ZTVwOUJxemRLMjN4QkhkK051TUcybzRtCmxZSHZrVjZHbVN6RTdyMkcxaWtqRXdWMzNwNzZBY1VrY1g2TnA1b2JQVFdyM3Q0UGtCWXZFanoycm5OVVYxY0EKTUVCN1VQSHFpei9pNUNHeU1KRm04eHBVLzhjS2RVQS82dGo4YWN6Z2FoQ0NOTG82QTIySDdTVHNQY2lVZUE9PQotLS0tLUVORCBDRVJUSUZJQ0FURS0tLS0tCg==",
                "password": "",
                "username": ""
              }
            ],
            "master_authorized_networks_config": [],
            "master_version": "1.18.16-gke.302",
            "min_master_version": null,
            "monitoring_service": "monitoring.googleapis.com/kubernetes",
            "name": "capstone-events-feed-cluster",
            "network": "projects/devops-capstone-309221/global/networks/default",
            "network_policy": [
              {
                "enabled": false,
                "provider": "PROVIDER_UNSPECIFIED"
              }
            ],
            "node_config": [
              {
                "disk_size_gb": 100,
                "disk_type": "pd-standard",
                "guest_accelerator": [],
                "image_type": "COS",
                "labels": {},
                "local_ssd_count": 0,
                "machine_type": "n1-standard-1",
                "metadata": {
                  "disable-legacy-endpoints": "true"
                },
                "min_cpu_platform": "",
                "oauth_scopes": [
                  "https://www.googleapis.com/auth/cloud-platform"
                ],
                "preemptible": true,
                "service_account": "default",
                "shielded_instance_config": [
                  {
                    "enable_integrity_monitoring": true,
                    "enable_secure_boot": false
                  }
                ],
                "tags": null,
                "taint": [],
                "workload_metadata_config": []
              }
            ],
            "node_locations": [],
            "node_pool": [
              {
                "autoscaling": [],
                "initial_node_count": 3,
                "instance_group_urls": [
                  "https://www.googleapis.com/compute/v1/projects/devops-capstone-309221/zones/us-central1-a/instanceGroupManagers/gke-capstone-events-feed-default-pool-2fd97cc5-grp"
                ],
                "management": [
                  {
                    "auto_repair": true,
                    "auto_upgrade": true
                  }
                ],
                "max_pods_per_node": 0,
                "name": "default-pool",
                "name_prefix": "",
                "node_config": [
                  {
                    "disk_size_gb": 100,
                    "disk_type": "pd-standard",
                    "guest_accelerator": [],
                    "image_type": "COS",
                    "labels": {},
                    "local_ssd_count": 0,
                    "machine_type": "n1-standard-1",
                    "metadata": {
                      "disable-legacy-endpoints": "true"
                    },
                    "min_cpu_platform": "",
                    "oauth_scopes": [
                      "https://www.googleapis.com/auth/cloud-platform"
                    ],
                    "preemptible": true,
                    "service_account": "default",
                    "shielded_instance_config": [
                      {
                        "enable_integrity_monitoring": true,
                        "enable_secure_boot": false
                      }
                    ],
                    "tags": [],
                    "taint": [],
                    "workload_metadata_config": []
                  }
                ],
                "node_count": 3,
                "node_locations": [
                  "us-central1-a"
                ],
                "upgrade_settings": [
                  {
                    "max_surge": 1,
                    "max_unavailable": 0
                  }
                ],
                "version": "1.18.16-gke.302"
              }
            ],
            "node_version": "1.18.16-gke.302",
            "operation": null,
            "pod_security_policy_config": [],
            "private_cluster_config": [],
            "project": "devops-capstone-309221",
            "release_channel": [
              {
                "channel": "REGULAR"
              }
            ],
            "remove_default_node_pool": null,
            "resource_labels": null,
            "resource_usage_export_config": [],
            "self_link": "https://container.googleapis.com/v1beta1/projects/devops-capstone-309221/zones/us-central1-a/clusters/capstone-events-feed-cluster",
            "services_ipv4_cidr": "10.27.240.0/20",
            "subnetwork": "projects/devops-capstone-309221/regions/us-central1/subnetworks/default",
            "timeouts": null,
            "tpu_ipv4_cidr_block": "",
            "vertical_pod_autoscaling": [],
            "workload_identity_config": []
          },
          "private": "eyJlMmJmYjczMC1lY2FhLTExZTYtOGY4OC0zNDM2M2JjN2M0YzAiOnsiY3JlYXRlIjoyNDAwMDAwMDAwMDAwLCJkZWxldGUiOjI0MDAwMDAwMDAwMDAsInJlYWQiOjI0MDAwMDAwMDAwMDAsInVwZGF0ZSI6MzYwMDAwMDAwMDAwMH0sInNjaGVtYV92ZXJzaW9uIjoiMSJ9"
        }
      ]
    },
    {
      "mode": "managed",
      "type": "kubernetes_deployment",
      "name": "capstone-external-events-feed-deployment",
      "provider": "provider.kubernetes",
      "instances": [
        {
          "schema_version": 1,
          "attributes": {
            "id": "capstone-events-feed/capstone-external-events-feed-deployment",
            "metadata": [
              {
                "annotations": null,
                "generate_name": "",
                "generation": 1,
                "labels": {
                  "App": "capstone-external-events-feed"
                },
                "name": "capstone-external-events-feed-deployment",
                "namespace": "capstone-events-feed",
                "resource_version": "1361",
                "self_link": "",
                "uid": "9984d991-8447-48bd-9235-3eed1522bbea"
              }
            ],
            "spec": [
              {
                "min_ready_seconds": 0,
                "paused": false,
                "progress_deadline_seconds": 60,
                "replicas": "1",
                "revision_history_limit": 10,
                "selector": [
                  {
                    "match_expressions": [],
                    "match_labels": {
                      "App": "capstone-external-events-feed"
                    }
                  }
                ],
                "strategy": [
                  {
                    "rolling_update": [
                      {
                        "max_surge": "25%",
                        "max_unavailable": "25%"
                      }
                    ],
                    "type": "RollingUpdate"
                  }
                ],
                "template": [
                  {
                    "metadata": [
                      {
                        "annotations": null,
                        "generate_name": "",
                        "generation": 0,
                        "labels": {
                          "App": "capstone-external-events-feed"
                        },
                        "name": "",
                        "namespace": "",
                        "resource_version": "",
                        "self_link": "",
                        "uid": ""
                      }
                    ],
                    "spec": [
                      {
                        "active_deadline_seconds": 0,
                        "affinity": [],
                        "automount_service_account_token": true,
                        "container": [
                          {
                            "args": null,
                            "command": null,
                            "env": [
                              {
                                "name": "SERVER",
                                "value": "http://events-internal-service:8082",
                                "value_from": []
                              }
                            ],
                            "env_from": [],
                            "image": "gcr.io/devops-capstone-309221/external-image:v0.1",
                            "image_pull_policy": "IfNotPresent",
                            "lifecycle": [],
                            "liveness_probe": [],
                            "name": "capstone-external-events-feed",
                            "port": [
                              {
                                "container_port": 8080,
                                "host_ip": "",
                                "host_port": 0,
                                "name": "",
                                "protocol": "TCP"
                              }
                            ],
                            "readiness_probe": [],
                            "resources": [
                              {
                                "limits": {
                                  "cpu": "200m",
                                  "memory": "2562Mi"
                                },
                                "requests": {
                                  "cpu": "100m",
                                  "memory": "50Mi"
                                }
                              }
                            ],
                            "security_context": [],
                            "startup_probe": [],
                            "stdin": false,
                            "stdin_once": false,
                            "termination_message_path": "/dev/termination-log",
                            "termination_message_policy": "File",
                            "tty": false,
                            "volume_mount": [],
                            "working_dir": ""
                          }
                        ],
                        "dns_config": [],
                        "dns_policy": "ClusterFirst",
                        "enable_service_links": true,
                        "host_aliases": [],
                        "host_ipc": false,
                        "host_network": false,
                        "host_pid": false,
                        "hostname": "",
                        "image_pull_secrets": [],
                        "init_container": [],
                        "node_name": "",
                        "node_selector": null,
                        "priority_class_name": "",
                        "readiness_gate": [],
                        "restart_policy": "Always",
                        "security_context": [],
                        "service_account_name": "",
                        "share_process_namespace": false,
                        "subdomain": "",
                        "termination_grace_period_seconds": 30,
                        "toleration": [],
                        "topology_spread_constraint": [],
                        "volume": []
                      }
                    ]
                  }
                ]
              }
            ],
            "timeouts": null,
            "wait_for_rollout": true
          },
          "private": "eyJlMmJmYjczMC1lY2FhLTExZTYtOGY4OC0zNDM2M2JjN2M0YzAiOnsiY3JlYXRlIjo2MDAwMDAwMDAwMDAsImRlbGV0ZSI6NjAwMDAwMDAwMDAwLCJ1cGRhdGUiOjYwMDAwMDAwMDAwMH0sInNjaGVtYV92ZXJzaW9uIjoiMSJ9",
          "dependencies": [
            "google_container_cluster.gke-cluster",
            "kubernetes_namespace.n"
          ]
        }
      ]
    },
    {
      "mode": "managed",
      "type": "kubernetes_deployment",
      "name": "capstone-internal-events-feed-deployment",
      "provider": "provider.kubernetes",
      "instances": [
        {
          "schema_version": 1,
          "attributes": {
            "id": "capstone-events-feed/capstone-internal-events-feed-deployment",
            "metadata": [
              {
                "annotations": null,
                "generate_name": "",
                "generation": 1,
                "labels": {
                  "App": "capstone-internal-events-feed"
                },
                "name": "capstone-internal-events-feed-deployment",
                "namespace": "capstone-events-feed",
                "resource_version": "1331",
                "self_link": "",
                "uid": "7b66ed01-7ea3-4d5a-b5c9-f98ce132a988"
              }
            ],
            "spec": [
              {
                "min_ready_seconds": 0,
                "paused": false,
                "progress_deadline_seconds": 60,
                "replicas": "1",
                "revision_history_limit": 10,
                "selector": [
                  {
                    "match_expressions": [],
                    "match_labels": {
                      "App": "capstone-internal-events-feed"
                    }
                  }
                ],
                "strategy": [
                  {
                    "rolling_update": [
                      {
                        "max_surge": "25%",
                        "max_unavailable": "25%"
                      }
                    ],
                    "type": "RollingUpdate"
                  }
                ],
                "template": [
                  {
                    "metadata": [
                      {
                        "annotations": null,
                        "generate_name": "",
                        "generation": 0,
                        "labels": {
                          "App": "capstone-internal-events-feed"
                        },
                        "name": "",
                        "namespace": "",
                        "resource_version": "",
                        "self_link": "",
                        "uid": ""
                      }
                    ],
                    "spec": [
                      {
                        "active_deadline_seconds": 0,
                        "affinity": [],
                        "automount_service_account_token": true,
                        "container": [
                          {
                            "args": null,
                            "command": null,
                            "env": [],
                            "env_from": [],
                            "image": "gcr.io/devops-capstone-309221/internal-image:v0.1",
                            "image_pull_policy": "IfNotPresent",
                            "lifecycle": [],
                            "liveness_probe": [],
                            "name": "capstone-internal-events-feed",
                            "port": [
                              {
                                "container_port": 8082,
                                "host_ip": "",
                                "host_port": 0,
                                "name": "",
                                "protocol": "TCP"
                              }
                            ],
                            "readiness_probe": [],
                            "resources": [
                              {
                                "limits": {
                                  "cpu": "200m",
                                  "memory": "2562Mi"
                                },
                                "requests": {
                                  "cpu": "100m",
                                  "memory": "50Mi"
                                }
                              }
                            ],
                            "security_context": [],
                            "startup_probe": [],
                            "stdin": false,
                            "stdin_once": false,
                            "termination_message_path": "/dev/termination-log",
                            "termination_message_policy": "File",
                            "tty": false,
                            "volume_mount": [],
                            "working_dir": ""
                          }
                        ],
                        "dns_config": [],
                        "dns_policy": "ClusterFirst",
                        "enable_service_links": true,
                        "host_aliases": [],
                        "host_ipc": false,
                        "host_network": false,
                        "host_pid": false,
                        "hostname": "",
                        "image_pull_secrets": [],
                        "init_container": [],
                        "node_name": "",
                        "node_selector": null,
                        "priority_class_name": "",
                        "readiness_gate": [],
                        "restart_policy": "Always",
                        "security_context": [],
                        "service_account_name": "",
                        "share_process_namespace": false,
                        "subdomain": "",
                        "termination_grace_period_seconds": 30,
                        "toleration": [],
                        "topology_spread_constraint": [],
                        "volume": []
                      }
                    ]
                  }
                ]
              }
            ],
            "timeouts": null,
            "wait_for_rollout": true
          },
          "private": "eyJlMmJmYjczMC1lY2FhLTExZTYtOGY4OC0zNDM2M2JjN2M0YzAiOnsiY3JlYXRlIjo2MDAwMDAwMDAwMDAsImRlbGV0ZSI6NjAwMDAwMDAwMDAwLCJ1cGRhdGUiOjYwMDAwMDAwMDAwMH0sInNjaGVtYV92ZXJzaW9uIjoiMSJ9",
          "dependencies": [
            "google_container_cluster.gke-cluster",
            "kubernetes_namespace.n"
          ]
        }
      ]
    },
    {
      "mode": "managed",
      "type": "kubernetes_namespace",
      "name": "n",
      "provider": "provider.kubernetes",
      "instances": [
        {
          "schema_version": 0,
          "attributes": {
            "id": "capstone-events-feed",
            "metadata": [
              {
                "annotations": null,
                "generate_name": "",
                "generation": 0,
                "labels": null,
                "name": "capstone-events-feed",
                "resource_version": "951",
                "self_link": "",
                "uid": "5fd7c16f-96e6-417c-898f-c8366413bcc8"
              }
            ],
            "timeouts": null
          },
          "private": "eyJlMmJmYjczMC1lY2FhLTExZTYtOGY4OC0zNDM2M2JjN2M0YzAiOnsiZGVsZXRlIjozMDAwMDAwMDAwMDB9fQ==",
          "dependencies": [
            "google_container_cluster.gke-cluster"
          ]
        }
      ]
    },
    {
      "mode": "managed",
      "type": "kubernetes_service",
      "name": "events-external-service",
      "provider": "provider.kubernetes",
      "instances": [
        {
          "schema_version": 1,
          "attributes": {
            "id": "capstone-events-feed/events-external-service",
            "metadata": [
              {
                "annotations": null,
                "generate_name": "",
                "generation": 0,
                "labels": null,
                "name": "events-external-service",
                "namespace": "capstone-events-feed",
                "resource_version": "1870",
                "self_link": "",
                "uid": "ceebdc7c-2882-4de6-b7cd-377076cd62fc"
              }
            ],
            "spec": [
              {
                "cluster_ip": "10.27.244.36",
                "external_ips": null,
                "external_name": "",
                "external_traffic_policy": "Cluster",
                "health_check_node_port": 0,
                "load_balancer_ip": "",
                "load_balancer_source_ranges": null,
                "port": [
                  {
                    "name": "",
                    "node_port": 30534,
                    "port": 80,
                    "protocol": "TCP",
                    "target_port": "8080"
                  }
                ],
                "publish_not_ready_addresses": false,
                "selector": {
                  "App": "capstone-external-events-feed"
                },
                "session_affinity": "None",
                "type": "LoadBalancer"
              }
            ],
            "status": [
              {
                "load_balancer": [
                  {
                    "ingress": [
                      {
                        "hostname": "",
                        "ip": "35.224.179.56"
                      }
                    ]
                  }
                ]
              }
            ],
            "timeouts": null,
            "wait_for_load_balancer": true
          },
          "private": "eyJlMmJmYjczMC1lY2FhLTExZTYtOGY4OC0zNDM2M2JjN2M0YzAiOnsiY3JlYXRlIjo2MDAwMDAwMDAwMDB9LCJzY2hlbWFfdmVyc2lvbiI6IjEifQ==",
          "dependencies": [
            "google_container_cluster.gke-cluster",
            "kubernetes_deployment.capstone-external-events-feed-deployment",
            "kubernetes_namespace.n"
          ]
        }
      ]
    },
    {
      "mode": "managed",
      "type": "kubernetes_service",
      "name": "events-internal-service",
      "provider": "provider.kubernetes",
      "instances": [
        {
          "schema_version": 1,
          "attributes": {
            "id": "capstone-events-feed/events-internal-service",
            "metadata": [
              {
                "annotations": null,
                "generate_name": "",
                "generation": 0,
                "labels": null,
                "name": "events-internal-service",
                "namespace": "capstone-events-feed",
                "resource_version": "1346",
                "self_link": "",
                "uid": "ed3edc04-710b-45df-9f53-8d497a8ae830"
              }
            ],
            "spec": [
              {
                "cluster_ip": "10.27.241.241",
                "external_ips": null,
                "external_name": "",
                "external_traffic_policy": "",
                "health_check_node_port": 0,
                "load_balancer_ip": "",
                "load_balancer_source_ranges": null,
                "port": [
                  {
                    "name": "",
                    "node_port": 0,
                    "port": 8082,
                    "protocol": "TCP",
                    "target_port": "8082"
                  }
                ],
                "publish_not_ready_addresses": false,
                "selector": {
                  "App": "capstone-internal-events-feed"
                },
                "session_affinity": "None",
                "type": "ClusterIP"
              }
            ],
            "status": [
              {
                "load_balancer": [
                  {
                    "ingress": []
                  }
                ]
              }
            ],
            "timeouts": null,
            "wait_for_load_balancer": true
          },
          "private": "eyJlMmJmYjczMC1lY2FhLTExZTYtOGY4OC0zNDM2M2JjN2M0YzAiOnsiY3JlYXRlIjo2MDAwMDAwMDAwMDB9LCJzY2hlbWFfdmVyc2lvbiI6IjEifQ==",
          "dependencies": [
            "google_container_cluster.gke-cluster",
            "kubernetes_deployment.capstone-internal-events-feed-deployment",
            "kubernetes_namespace.n"
          ]
        }
      ]
    }
  ]
}
